// !$*UTF8*$!
{
	archiveVersion = 1;
	classes = {
	};
	objectVersion = 46;
	objects = {

/* Begin PBXBuildFile section */
		60AF12F41948D848006006A7 /* Foundation.framework in Frameworks */ = {isa = PBXBuildFile; fileRef = 60AF12F31948D848006006A7 /* Foundation.framework */; };
		60AF12F61948D848006006A7 /* CoreGraphics.framework in Frameworks */ = {isa = PBXBuildFile; fileRef = 60AF12F51948D848006006A7 /* CoreGraphics.framework */; };
		60AF12F81948D848006006A7 /* UIKit.framework in Frameworks */ = {isa = PBXBuildFile; fileRef = 60AF12F71948D848006006A7 /* UIKit.framework */; };
		60AF12FE1948D848006006A7 /* InfoPlist.strings in Resources */ = {isa = PBXBuildFile; fileRef = 60AF12FC1948D848006006A7 /* InfoPlist.strings */; };
		60AF13001948D848006006A7 /* main.m in Sources */ = {isa = PBXBuildFile; fileRef = 60AF12FF1948D848006006A7 /* main.m */; };
		60AF13041948D848006006A7 /* GRAppDelegate.m in Sources */ = {isa = PBXBuildFile; fileRef = 60AF13031948D848006006A7 /* GRAppDelegate.m */; };
		60AF13071948D848006006A7 /* Main.storyboard in Resources */ = {isa = PBXBuildFile; fileRef = 60AF13051948D848006006A7 /* Main.storyboard */; };
		60AF130A1948D848006006A7 /* GRViewController.m in Sources */ = {isa = PBXBuildFile; fileRef = 60AF13091948D848006006A7 /* GRViewController.m */; };
		60AF130C1948D848006006A7 /* Images.xcassets in Resources */ = {isa = PBXBuildFile; fileRef = 60AF130B1948D848006006A7 /* Images.xcassets */; };
		60AF13131948D848006006A7 /* XCTest.framework in Frameworks */ = {isa = PBXBuildFile; fileRef = 60AF13121948D848006006A7 /* XCTest.framework */; };
		60AF13141948D848006006A7 /* Foundation.framework in Frameworks */ = {isa = PBXBuildFile; fileRef = 60AF12F31948D848006006A7 /* Foundation.framework */; };
		60AF13151948D848006006A7 /* UIKit.framework in Frameworks */ = {isa = PBXBuildFile; fileRef = 60AF12F71948D848006006A7 /* UIKit.framework */; };
		60AF131D1948D848006006A7 /* InfoPlist.strings in Resources */ = {isa = PBXBuildFile; fileRef = 60AF131B1948D848006006A7 /* InfoPlist.strings */; };
		60AF131F1948D848006006A7 /* _30_TestFontsTests.m in Sources */ = {isa = PBXBuildFile; fileRef = 60AF131E1948D848006006A7 /* _30_TestFontsTests.m */; };
/* End PBXBuildFile section */

/* Begin PBXContainerItemProxy section */
		60AF13161948D848006006A7 /* PBXContainerItemProxy */ = {
			isa = PBXContainerItemProxy;
			containerPortal = 60AF12E81948D848006006A7 /* Project object */;
			proxyType = 1;
			remoteGlobalIDString = 60AF12EF1948D848006006A7;
			remoteInfo = _30_TestFonts;
		};
/* End PBXContainerItemProxy section */

/* Begin PBXFileReference section */
		60AF12F01948D848006006A7 /* _30_TestFonts.app */ = {isa = PBXFileReference; explicitFileType = wrapper.application; includeInIndex = 0; path = _30_TestFonts.app; sourceTree = BUILT_PRODUCTS_DIR; };
		60AF12F31948D848006006A7 /* Foundation.framework */ = {isa = PBXFileReference; lastKnownFileType = wrapper.framework; name = Foundation.framework; path = System/Library/Frameworks/Foundation.framework; sourceTree = SDKROOT; };
		60AF12F51948D848006006A7 /* CoreGraphics.framework */ = {isa = PBXFileReference; lastKnownFileType = wrapper.framework; name = CoreGraphics.framework; path = System/Library/Frameworks/CoreGraphics.framework; sourceTree = SDKROOT; };
		60AF12F71948D848006006A7 /* UIKit.framework */ = {isa = PBXFileReference; lastKnownFileType = wrapper.framework; name = UIKit.framework; path = System/Library/Frameworks/UIKit.framework; sourceTree = SDKROOT; };
		60AF12FB1948D848006006A7 /* _30_TestFonts-Info.plist */ = {isa = PBXFileReference; lastKnownFileType = text.plist.xml; path = "_30_TestFonts-Info.plist"; sourceTree = "<group>"; };
		60AF12FD1948D848006006A7 /* en */ = {isa = PBXFileReference; lastKnownFileType = text.plist.strings; name = en; path = en.lproj/InfoPlist.strings; sourceTree = "<group>"; };
		60AF12FF1948D848006006A7 /* main.m */ = {isa = PBXFileReference; lastKnownFileType = sourcecode.c.objc; path = main.m; sourceTree = "<group>"; };
		60AF13011948D848006006A7 /* _30_TestFonts-Prefix.pch */ = {isa = PBXFileReference; lastKnownFileType = sourcecode.c.h; path = "_30_TestFonts-Prefix.pch"; sourceTree = "<group>"; };
		60AF13021948D848006006A7 /* GRAppDelegate.h */ = {isa = PBXFileReference; lastKnownFileType = sourcecode.c.h; path = GRAppDelegate.h; sourceTree = "<group>"; };
		60AF13031948D848006006A7 /* GRAppDelegate.m */ = {isa = PBXFileReference; lastKnownFileType = sourcecode.c.objc; path = GRAppDelegate.m; sourceTree = "<group>"; };
		60AF13061948D848006006A7 /* Base */ = {isa = PBXFileReference; lastKnownFileType = file.storyboard; name = Base; path = Base.lproj/Main.storyboard; sourceTree = "<group>"; };
		60AF13081948D848006006A7 /* GRViewController.h */ = {isa = PBXFileReference; lastKnownFileType = sourcecode.c.h; path = GRViewController.h; sourceTree = "<group>"; };
		60AF13091948D848006006A7 /* GRViewController.m */ = {isa = PBXFileReference; lastKnownFileType = sourcecode.c.objc; path = GRViewController.m; sourceTree = "<group>"; };
		60AF130B1948D848006006A7 /* Images.xcassets */ = {isa = PBXFileReference; lastKnownFileType = folder.assetcatalog; path = Images.xcassets; sourceTree = "<group>"; };
		60AF13111948D848006006A7 /* _30_TestFontsTests.xctest */ = {isa = PBXFileReference; explicitFileType = wrapper.cfbundle; includeInIndex = 0; path = _30_TestFontsTests.xctest; sourceTree = BUILT_PRODUCTS_DIR; };
		60AF13121948D848006006A7 /* XCTest.framework */ = {isa = PBXFileReference; lastKnownFileType = wrapper.framework; name = XCTest.framework; path = Library/Frameworks/XCTest.framework; sourceTree = DEVELOPER_DIR; };
		60AF131A1948D848006006A7 /* _30_TestFontsTests-Info.plist */ = {isa = PBXFileReference; lastKnownFileType = text.plist.xml; path = "_30_TestFontsTests-Info.plist"; sourceTree = "<group>"; };
		60AF131C1948D848006006A7 /* en */ = {isa = PBXFileReference; lastKnownFileType = text.plist.strings; name = en; path = en.lproj/InfoPlist.strings; sourceTree = "<group>"; };
		60AF131E1948D848006006A7 /* _30_TestFontsTests.m */ = {isa = PBXFileReference; lastKnownFileType = sourcecode.c.objc; path = _30_TestFontsTests.m; sourceTree = "<group>"; };
/* End PBXFileReference section */

/* Begin PBXFrameworksBuildPhase section */
		60AF12ED1948D848006006A7 /* Frameworks */ = {
			isa = PBXFrameworksBuildPhase;
			buildActionMask = 2147483647;
			files = (
				60AF12F61948D848006006A7 /* CoreGraphics.framework in Frameworks */,
				60AF12F81948D848006006A7 /* UIKit.framework in Frameworks */,
				60AF12F41948D848006006A7 /* Foundation.framework in Frameworks */,
			);
			runOnlyForDeploymentPostprocessing = 0;
		};
		60AF130E1948D848006006A7 /* Frameworks */ = {
			isa = PBXFrameworksBuildPhase;
			buildActionMask = 2147483647;
			files = (
				60AF13131948D848006006A7 /* XCTest.framework in Frameworks */,
				60AF13151948D848006006A7 /* UIKit.framework in Frameworks */,
				60AF13141948D848006006A7 /* Foundation.framework in Frameworks */,
			);
			runOnlyForDeploymentPostprocessing = 0;
		};
/* End PBXFrameworksBuildPhase section */

/* Begin PBXGroup section */
		60AF12E71948D848006006A7 = {
			isa = PBXGroup;
			children = (
				60AF12F91948D848006006A7 /* _30_TestFonts */,
				60AF13181948D848006006A7 /* _30_TestFontsTests */,
				60AF12F21948D848006006A7 /* Frameworks */,
				60AF12F11948D848006006A7 /* Products */,
			);
			sourceTree = "<group>";
		};
		60AF12F11948D848006006A7 /* Products */ = {
			isa = PBXGroup;
			children = (
				60AF12F01948D848006006A7 /* _30_TestFonts.app */,
				60AF13111948D848006006A7 /* _30_TestFontsTests.xctest */,
			);
			name = Products;
			sourceTree = "<group>";
		};
		60AF12F21948D848006006A7 /* Frameworks */ = {
			isa = PBXGroup;
			children = (
				60AF12F31948D848006006A7 /* Foundation.framework */,
				60AF12F51948D848006006A7 /* CoreGraphics.framework */,
				60AF12F71948D848006006A7 /* UIKit.framework */,
				60AF13121948D848006006A7 /* XCTest.framework */,
			);
			name = Frameworks;
			sourceTree = "<group>";
		};
		60AF12F91948D848006006A7 /* _30_TestFonts */ = {
			isa = PBXGroup;
			children = (
				60AF13021948D848006006A7 /* GRAppDelegate.h */,
				60AF13031948D848006006A7 /* GRAppDelegate.m */,
				60AF13051948D848006006A7 /* Main.storyboard */,
				60AF13081948D848006006A7 /* GRViewController.h */,
				60AF13091948D848006006A7 /* GRViewController.m */,
				60AF130B1948D848006006A7 /* Images.xcassets */,
				60AF12FA1948D848006006A7 /* Supporting Files */,
			);
			path = _30_TestFonts;
			sourceTree = "<group>";
		};
		60AF12FA1948D848006006A7 /* Supporting Files */ = {
			isa = PBXGroup;
			children = (
				60AF12FB1948D848006006A7 /* _30_TestFonts-Info.plist */,
				60AF12FC1948D848006006A7 /* InfoPlist.strings */,
				60AF12FF1948D848006006A7 /* main.m */,
				60AF13011948D848006006A7 /* _30_TestFonts-Prefix.pch */,
			);
			name = "Supporting Files";
			sourceTree = "<group>";
		};
		60AF13181948D848006006A7 /* _30_TestFontsTests */ = {
			isa = PBXGroup;
			children = (
				60AF131E1948D848006006A7 /* _30_TestFontsTests.m */,
				60AF13191948D848006006A7 /* Supporting Files */,
			);
			path = _30_TestFontsTests;
			sourceTree = "<group>";
		};
		60AF13191948D848006006A7 /* Supporting Files */ = {
			isa = PBXGroup;
			children = (
				60AF131A1948D848006006A7 /* _30_TestFontsTests-Info.plist */,
				60AF131B1948D848006006A7 /* InfoPlist.strings */,
			);
			name = "Supporting Files";
			sourceTree = "<group>";
		};
/* End PBXGroup section */

/* Begin PBXNativeTarget section */
		60AF12EF1948D848006006A7 /* _30_TestFonts */ = {
			isa = PBXNativeTarget;
			buildConfigurationList = 60AF13221948D848006006A7 /* Build configuration list for PBXNativeTarget "_30_TestFonts" */;
			buildPhases = (
				60AF12EC1948D848006006A7 /* Sources */,
				60AF12ED1948D848006006A7 /* Frameworks */,
				60AF12EE1948D848006006A7 /* Resources */,
			);
			buildRules = (
			);
			dependencies = (
			);
			name = _30_TestFonts;
			productName = _30_TestFonts;
			productReference = 60AF12F01948D848006006A7 /* _30_TestFonts.app */;
			productType = "com.apple.product-type.application";
		};
		60AF13101948D848006006A7 /* _30_TestFontsTests */ = {
			isa = PBXNativeTarget;
			buildConfigurationList = 60AF13251948D848006006A7 /* Build configuration list for PBXNativeTarget "_30_TestFontsTests" */;
			buildPhases = (
				60AF130D1948D848006006A7 /* Sources */,
				60AF130E1948D848006006A7 /* Frameworks */,
				60AF130F1948D848006006A7 /* Resources */,
			);
			buildRules = (
			);
			dependencies = (
				60AF13171948D848006006A7 /* PBXTargetDependency */,
			);
			name = _30_TestFontsTests;
			productName = _30_TestFontsTests;
			productReference = 60AF13111948D848006006A7 /* _30_TestFontsTests.xctest */;
			productType = "com.apple.product-type.bundle.unit-test";
		};
/* End PBXNativeTarget section */

/* Begin PBXProject section */
		60AF12E81948D848006006A7 /* Project object */ = {
			isa = PBXProject;
			attributes = {
				CLASSPREFIX = GR;
				LastUpgradeCheck = 0510;
				ORGANIZATIONNAME = Evgenia;
				TargetAttributes = {
					60AF13101948D848006006A7 = {
						TestTargetID = 60AF12EF1948D848006006A7;
					};
				};
			};
			buildConfigurationList = 60AF12EB1948D848006006A7 /* Build configuration list for PBXProject "_30_TestFonts" */;
			compatibilityVersion = "Xcode 3.2";
			developmentRegion = English;
			hasScannedForEncodings = 0;
			knownRegions = (
				en,
				Base,
			);
			mainGroup = 60AF12E71948D848006006A7;
			productRefGroup = 60AF12F11948D848006006A7 /* Products */;
			projectDirPath = "";
			projectRoot = "";
			targets = (
				60AF12EF1948D848006006A7 /* _30_TestFonts */,
				60AF13101948D848006006A7 /* _30_TestFontsTests */,
			);
		};
/* End PBXProject section */

/* Begin PBXResourcesBuildPhase section */
		60AF12EE1948D848006006A7 /* Resources */ = {
			isa = PBXResourcesBuildPhase;
			buildActionMask = 2147483647;
			files = (
				60AF130C1948D848006006A7 /* Images.xcassets in Resources */,
				60AF12FE1948D848006006A7 /* InfoPlist.strings in Resources */,
				60AF13071948D848006006A7 /* Main.storyboard in Resources */,
			);
			runOnlyForDeploymentPostprocessing = 0;
		};
		60AF130F1948D848006006A7 /* Resources */ = {
			isa = PBXResourcesBuildPhase;
			buildActionMask = 2147483647;
			files = (
				60AF131D1948D848006006A7 /* InfoPlist.strings in Resources */,
			);
			runOnlyForDeploymentPostprocessing = 0;
		};
/* End PBXResourcesBuildPhase section */

/* Begin PBXSourcesBuildPhase section */
		60AF12EC1948D848006006A7 /* Sources */ = {
			isa = PBXSourcesBuildPhase;
			buildActionMask = 2147483647;
			files = (
				60AF13001948D848006006A7 /* main.m in Sources */,
				60AF130A1948D848006006A7 /* GRViewController.m in Sources */,
				60AF13041948D848006006A7 /* GRAppDelegate.m in Sources */,
			);
			runOnlyForDeploymentPostprocessing = 0;
		};
		60AF130D1948D848006006A7 /* Sources */ = {
			isa = PBXSourcesBuildPhase;
			buildActionMask = 2147483647;
			files = (
				60AF131F1948D848006006A7 /* _30_TestFontsTests.m in Sources */,
			);
			runOnlyForDeploymentPostprocessing = 0;
		};
/* End PBXSourcesBuildPhase section */

/* Begin PBXTargetDependency section */
		60AF13171948D848006006A7 /* PBXTargetDependency */ = {
			isa = PBXTargetDependency;
			target = 60AF12EF1948D848006006A7 /* _30_TestFonts */;
			targetProxy = 60AF13161948D848006006A7 /* PBXContainerItemProxy */;
		};
/* End PBXTargetDependency section */

/* Begin PBXVariantGroup section */
		60AF12FC1948D848006006A7 /* InfoPlist.strings */ = {
			isa = PBXVariantGroup;
			children = (
				60AF12FD1948D848006006A7 /* en */,
			);
			name = InfoPlist.strings;
			sourceTree = "<group>";
		};
		60AF13051948D848006006A7 /* Main.storyboard */ = {
			isa = PBXVariantGroup;
			children = (
				60AF13061948D848006006A7 /* Base */,
			);
			name = Main.storyboard;
			sourceTree = "<group>";
		};
		60AF131B1948D848006006A7 /* InfoPlist.strings */ = {
			isa = PBXVariantGroup;
			children = (
				60AF131C1948D848006006A7 /* en */,
			);
			name = InfoPlist.strings;
			sourceTree = "<group>";
		};
/* End PBXVariantGroup section */

/* Begin XCBuildConfiguration section */
		60AF13201948D848006006A7 /* Debug */ = {
			isa = XCBuildConfiguration;
			buildSettings = {
				ALWAYS_SEARCH_USER_PATHS = NO;
				CLANG_CXX_LANGUAGE_STANDARD = "gnu++0x";
				CLANG_CXX_LIBRARY = "libc++";
				CLANG_ENABLE_MODULES = YES;
				CLANG_ENABLE_OBJC_ARC = YES;
				CLANG_WARN_BOOL_CONVERSION = YES;
				CLANG_WARN_CONSTANT_CONVERSION = YES;
				CLANG_WARN_DIRECT_OBJC_ISA_USAGE = YES_ERROR;
				CLANG_WARN_EMPTY_BODY = YES;
				CLANG_WARN_ENUM_CONVERSION = YES;
				CLANG_WARN_INT_CONVERSION = YES;
				CLANG_WARN_OBJC_ROOT_CLASS = YES_ERROR;
				CLANG_WARN__DUPLICATE_METHOD_MATCH = YES;
				"CODE_SIGN_IDENTITY[sdk=iphoneos*]" = "iPhone Developer";
				COPY_PHASE_STRIP = NO;
				GCC_C_LANGUAGE_STANDARD = gnu99;
				GCC_DYNAMIC_NO_PIC = NO;
				GCC_OPTIMIZATION_LEVEL = 0;
				GCC_PREPROCESSOR_DEFINITIONS = (
					"DEBUG=1",
					"$(inherited)",
				);
				GCC_SYMBOLS_PRIVATE_EXTERN = NO;
				GCC_WARN_64_TO_32_BIT_CONVERSION = YES;
				GCC_WARN_ABOUT_RETURN_TYPE = YES_ERROR;
				GCC_WARN_UNDECLARED_SELECTOR = YES;
				GCC_WARN_UNINITIALIZED_AUTOS = YES_AGGRESSIVE;
				GCC_WARN_UNUSED_FUNCTION = YES;
				GCC_WARN_UNUSED_VARIABLE = YES;
				IPHONEOS_DEPLOYMENT_TARGET = 7.1;
				ONLY_ACTIVE_ARCH = YES;
				SDKROOT = iphoneos;
			};
			name = Debug;
		};
		60AF13211948D848006006A7 /* Release */ = {
			isa = XCBuildConfiguration;
			buildSettings = {
				ALWAYS_SEARCH_USER_PATHS = NO;
				CLANG_CXX_LANGUAGE_STANDARD = "gnu++0x";
				CLANG_CXX_LIBRARY = "libc++";
				CLANG_ENABLE_MODULES = YES;
				CLANG_ENABLE_OBJC_ARC = YES;
				CLANG_WARN_BOOL_CONVERSION = YES;
				CLANG_WARN_CONSTANT_CONVERSION = YES;
				CLANG_WARN_DIRECT_OBJC_ISA_USAGE = YES_ERROR;
				CLANG_WARN_EMPTY_BODY = YES;
				CLANG_WARN_ENUM_CONVERSION = YES;
				CLANG_WARN_INT_CONVERSION = YES;
				CLANG_WARN_OBJC_ROOT_CLASS = YES_ERROR;
				CLANG_WARN__DUPLICATE_METHOD_MATCH = YES;
				"CODE_SIGN_IDENTITY[sdk=iphoneos*]" = "iPhone Developer";
				COPY_PHASE_STRIP = YES;
				ENABLE_NS_ASSERTIONS = NO;
				GCC_C_LANGUAGE_STANDARD = gnu99;
				GCC_WARN_64_TO_32_BIT_CONVERSION = YES;
				GCC_WARN_ABOUT_RETURN_TYPE = YES_ERROR;
				GCC_WARN_UNDECLARED_SELECTOR = YES;
				GCC_WARN_UNINITIALIZED_AUTOS = YES_AGGRESSIVE;
				GCC_WARN_UNUSED_FUNCTION = YES;
				GCC_WARN_UNUSED_VARIABLE = YES;
				IPHONEOS_DEPLOYMENT_TARGET = 7.1;
				SDKROOT = iphoneos;
				VALIDATE_PRODUCT = YES;
			};
			name = Release;
		};
		60AF13231948D848006006A7 /* Debug */ = {
			isa = XCBuildConfiguration;
			buildSettings = {
				ASSETCATALOG_COMPILER_APPICON_NAME = AppIcon;
				ASSETCATALOG_COMPILER_LAUNCHIMAGE_NAME = LaunchImage;
				GCC_PRECOMPILE_PREFIX_HEADER = YES;
				GCC_PREFIX_HEADER = "_30_TestFonts/_30_TestFonts-Prefix.pch";
				INFOPLIST_FILE = "_30_TestFonts/_30_TestFonts-Info.plist";
				PRODUCT_NAME = "$(TARGET_NAME)";
				WRAPPER_EXTENSION = app;
			};
			name = Debug;
		};
		60AF13241948D848006006A7 /* Release */ = {
			isa = XCBuildConfiguration;
			buildSettings = {
				ASSETCATALOG_COMPILER_APPICON_NAME = AppIcon;
				ASSETCATALOG_COMPILER_LAUNCHIMAGE_NAME = LaunchImage;
				GCC_PRECOMPILE_PREFIX_HEADER = YES;
				GCC_PREFIX_HEADER = "_30_TestFonts/_30_TestFonts-Prefix.pch";
				INFOPLIST_FILE = "_30_TestFonts/_30_TestFonts-Info.plist";
				PRODUCT_NAME = "$(TARGET_NAME)";
				WRAPPER_EXTENSION = app;
			};
			name = Release;
		};
		60AF13261948D848006006A7 /* Debug */ = {
			isa = XCBuildConfiguration;
			buildSettings = {
				BUNDLE_LOADER = "$(BUILT_PRODUCTS_DIR)/_30_TestFonts.app/_30_TestFonts";
				FRAMEWORK_SEARCH_PATHS = (
					"$(SDKROOT)/Developer/Library/Frameworks",
					"$(inherited)",
					"$(DEVELOPER_FRAMEWORKS_DIR)",
				);
				GCC_PRECOMPILE_PREFIX_HEADER = YES;
				GCC_PREFIX_HEADER = "_30_TestFonts/_30_TestFonts-Prefix.pch";
				GCC_PREPROCESSOR_DEFINITIONS = (
					"DEBUG=1",
					"$(inherited)",
				);
				INFOPLIST_FILE = "_30_TestFontsTests/_30_TestFontsTests-Info.plist";
				PRODUCT_NAME = "$(TARGET_NAME)";
				TEST_HOST = "$(BUNDLE_LOADER)";
				WRAPPER_EXTENSION = xctest;
			};
			name = Debug;
		};
		60AF13271948D848006006A7 /* Release */ = {
			isa = XCBuildConfiguration;
			buildSettings = {
				BUNDLE_LOADER = "$(BUILT_PRODUCTS_DIR)/_30_TestFonts.app/_30_TestFonts";
				FRAMEWORK_SEARCH_PATHS = (
					"$(SDKROOT)/Developer/Library/Frameworks",
					"$(inherited)",
					"$(DEVELOPER_FRAMEWORKS_DIR)",
				);
				GCC_PRECOMPILE_PREFIX_HEADER = YES;
				GCC_PREFIX_HEADER = "_30_TestFonts/_30_TestFonts-Prefix.pch";
				INFOPLIST_FILE = "_30_TestFontsTests/_30_TestFontsTests-Info.plist";
				PRODUCT_NAME = "$(TARGET_NAME)";
				TEST_HOST = "$(BUNDLE_LOADER)";
				WRAPPER_EXTENSION = xctest;
			};
			name = Release;
		};
/* End XCBuildConfiguration section */

/* Begin XCConfigurationList section */
		60AF12EB1948D848006006A7 /* Build configuration list for PBXProject "_30_TestFonts" */ = {
			isa = XCConfigurationList;
			buildConfigurations = (
				60AF13201948D848006006A7 /* Debug */,
				60AF13211948D848006006A7 /* Release */,
			);
			defaultConfigurationIsVisible = 0;
			defaultConfigurationName = Release;
		};
		60AF13221948D848006006A7 /* Build configuration list for PBXNativeTarget "_30_TestFonts" */ = {
			isa = XCConfigurationList;
			buildConfigurations = (
				60AF13231948D848006006A7 /* Debug */,
				60AF13241948D848006006A7 /* Release */,
			);
			defaultConfigurationIsVisible = 0;
		};
		60AF13251948D848006006A7 /* Build configuration list for PBXNativeTarget "_30_TestFontsTests" */ = {
			isa = XCConfigurationList;
			buildConfigurations = (
				60AF13261948D848006006A7 /* Debug */,
				60AF13271948D848006006A7 /* Release */,
			);
			defaultConfigurationIsVisible = 0;
		};
/* End XCConfigurationList section */
	};
	rootObject = 60AF12E81948D848006006A7 /* Project object */;
}
