// !$*UTF8*$!
{
	archiveVersion = 1;
	classes = {
	};
	objectVersion = 46;
	objects = {

/* Begin PBXBuildFile section */
		601D3D6F1949C28C0018B159 /* 0.jpg in Resources */ = {isa = PBXBuildFile; fileRef = 601D3D661949C28C0018B159 /* 0.jpg */; };
		601D3D701949C28C0018B159 /* 0@2x.jpg in Resources */ = {isa = PBXBuildFile; fileRef = 601D3D671949C28C0018B159 /* 0@2x.jpg */; };
		601D3D711949C28C0018B159 /* 1.jpg in Resources */ = {isa = PBXBuildFile; fileRef = 601D3D681949C28C0018B159 /* 1.jpg */; };
		601D3D721949C28C0018B159 /* 1@2x.jpg in Resources */ = {isa = PBXBuildFile; fileRef = 601D3D691949C28C0018B159 /* 1@2x.jpg */; };
		601D3D731949C28C0018B159 /* 2@2x.jpg in Resources */ = {isa = PBXBuildFile; fileRef = 601D3D6A1949C28C0018B159 /* 2@2x.jpg */; };
		601D3D741949C28C0018B159 /* 2x.jpg in Resources */ = {isa = PBXBuildFile; fileRef = 601D3D6B1949C28C0018B159 /* 2x.jpg */; };
		601D3D751949C28C0018B159 /* 3.jpg in Resources */ = {isa = PBXBuildFile; fileRef = 601D3D6C1949C28C0018B159 /* 3.jpg */; };
		601D3D761949C28C0018B159 /* 3@2x.jpg in Resources */ = {isa = PBXBuildFile; fileRef = 601D3D6D1949C28C0018B159 /* 3@2x.jpg */; };
		601D3D771949C28C0018B159 /* 4@2x.jpg in Resources */ = {isa = PBXBuildFile; fileRef = 601D3D6E1949C28C0018B159 /* 4@2x.jpg */; };
		60AE39FC1949159D0048B842 /* Foundation.framework in Frameworks */ = {isa = PBXBuildFile; fileRef = 60AE39FB1949159D0048B842 /* Foundation.framework */; };
		60AE39FE1949159D0048B842 /* CoreGraphics.framework in Frameworks */ = {isa = PBXBuildFile; fileRef = 60AE39FD1949159D0048B842 /* CoreGraphics.framework */; };
		60AE3A001949159D0048B842 /* UIKit.framework in Frameworks */ = {isa = PBXBuildFile; fileRef = 60AE39FF1949159D0048B842 /* UIKit.framework */; };
		60AE3A061949159D0048B842 /* InfoPlist.strings in Resources */ = {isa = PBXBuildFile; fileRef = 60AE3A041949159D0048B842 /* InfoPlist.strings */; };
		60AE3A081949159D0048B842 /* main.m in Sources */ = {isa = PBXBuildFile; fileRef = 60AE3A071949159D0048B842 /* main.m */; };
		60AE3A0C1949159D0048B842 /* GRAppDelegate.m in Sources */ = {isa = PBXBuildFile; fileRef = 60AE3A0B1949159D0048B842 /* GRAppDelegate.m */; };
		60AE3A0F1949159D0048B842 /* Main.storyboard in Resources */ = {isa = PBXBuildFile; fileRef = 60AE3A0D1949159D0048B842 /* Main.storyboard */; };
		60AE3A121949159D0048B842 /* GRViewController.m in Sources */ = {isa = PBXBuildFile; fileRef = 60AE3A111949159D0048B842 /* GRViewController.m */; };
		60AE3A141949159D0048B842 /* Images.xcassets in Resources */ = {isa = PBXBuildFile; fileRef = 60AE3A131949159D0048B842 /* Images.xcassets */; };
		60AE3A1B1949159D0048B842 /* XCTest.framework in Frameworks */ = {isa = PBXBuildFile; fileRef = 60AE3A1A1949159D0048B842 /* XCTest.framework */; };
		60AE3A1C1949159D0048B842 /* Foundation.framework in Frameworks */ = {isa = PBXBuildFile; fileRef = 60AE39FB1949159D0048B842 /* Foundation.framework */; };
		60AE3A1D1949159D0048B842 /* UIKit.framework in Frameworks */ = {isa = PBXBuildFile; fileRef = 60AE39FF1949159D0048B842 /* UIKit.framework */; };
		60AE3A251949159D0048B842 /* InfoPlist.strings in Resources */ = {isa = PBXBuildFile; fileRef = 60AE3A231949159D0048B842 /* InfoPlist.strings */; };
		60AE3A271949159D0048B842 /* _30_Table_part1Tests.m in Sources */ = {isa = PBXBuildFile; fileRef = 60AE3A261949159D0048B842 /* _30_Table_part1Tests.m */; };
		60AE3A331949167B0048B842 /* GRColorGroup.m in Sources */ = {isa = PBXBuildFile; fileRef = 60AE3A321949167B0048B842 /* GRColorGroup.m */; };
		60BC2F281949AE0C0046F845 /* GRStudents.m in Sources */ = {isa = PBXBuildFile; fileRef = 60BC2F271949AE0C0046F845 /* GRStudents.m */; };
/* End PBXBuildFile section */

/* Begin PBXContainerItemProxy section */
		60AE3A1E1949159D0048B842 /* PBXContainerItemProxy */ = {
			isa = PBXContainerItemProxy;
			containerPortal = 60AE39F01949159D0048B842 /* Project object */;
			proxyType = 1;
			remoteGlobalIDString = 60AE39F71949159D0048B842;
			remoteInfo = _30_Table_part1;
		};
/* End PBXContainerItemProxy section */

/* Begin PBXFileReference section */
		601D3D661949C28C0018B159 /* 0.jpg */ = {isa = PBXFileReference; lastKnownFileType = image.jpeg; path = 0.jpg; sourceTree = "<group>"; };
		601D3D671949C28C0018B159 /* 0@2x.jpg */ = {isa = PBXFileReference; lastKnownFileType = image.jpeg; path = "0@2x.jpg"; sourceTree = "<group>"; };
		601D3D681949C28C0018B159 /* 1.jpg */ = {isa = PBXFileReference; lastKnownFileType = image.jpeg; path = 1.jpg; sourceTree = "<group>"; };
		601D3D691949C28C0018B159 /* 1@2x.jpg */ = {isa = PBXFileReference; lastKnownFileType = image.jpeg; path = "1@2x.jpg"; sourceTree = "<group>"; };
		601D3D6A1949C28C0018B159 /* 2@2x.jpg */ = {isa = PBXFileReference; lastKnownFileType = image.jpeg; path = "2@2x.jpg"; sourceTree = "<group>"; };
		601D3D6B1949C28C0018B159 /* 2x.jpg */ = {isa = PBXFileReference; lastKnownFileType = image.jpeg; path = 2x.jpg; sourceTree = "<group>"; };
		601D3D6C1949C28C0018B159 /* 3.jpg */ = {isa = PBXFileReference; lastKnownFileType = image.jpeg; path = 3.jpg; sourceTree = "<group>"; };
		601D3D6D1949C28C0018B159 /* 3@2x.jpg */ = {isa = PBXFileReference; lastKnownFileType = image.jpeg; path = "3@2x.jpg"; sourceTree = "<group>"; };
		601D3D6E1949C28C0018B159 /* 4@2x.jpg */ = {isa = PBXFileReference; lastKnownFileType = image.jpeg; path = "4@2x.jpg"; sourceTree = "<group>"; };
		60AE39F81949159D0048B842 /* _30_Table_part1.app */ = {isa = PBXFileReference; explicitFileType = wrapper.application; includeInIndex = 0; path = _30_Table_part1.app; sourceTree = BUILT_PRODUCTS_DIR; };
		60AE39FB1949159D0048B842 /* Foundation.framework */ = {isa = PBXFileReference; lastKnownFileType = wrapper.framework; name = Foundation.framework; path = System/Library/Frameworks/Foundation.framework; sourceTree = SDKROOT; };
		60AE39FD1949159D0048B842 /* CoreGraphics.framework */ = {isa = PBXFileReference; lastKnownFileType = wrapper.framework; name = CoreGraphics.framework; path = System/Library/Frameworks/CoreGraphics.framework; sourceTree = SDKROOT; };
		60AE39FF1949159D0048B842 /* UIKit.framework */ = {isa = PBXFileReference; lastKnownFileType = wrapper.framework; name = UIKit.framework; path = System/Library/Frameworks/UIKit.framework; sourceTree = SDKROOT; };
		60AE3A031949159D0048B842 /* _30_Table_part1-Info.plist */ = {isa = PBXFileReference; lastKnownFileType = text.plist.xml; path = "_30_Table_part1-Info.plist"; sourceTree = "<group>"; };
		60AE3A051949159D0048B842 /* en */ = {isa = PBXFileReference; lastKnownFileType = text.plist.strings; name = en; path = en.lproj/InfoPlist.strings; sourceTree = "<group>"; };
		60AE3A071949159D0048B842 /* main.m */ = {isa = PBXFileReference; lastKnownFileType = sourcecode.c.objc; path = main.m; sourceTree = "<group>"; };
		60AE3A091949159D0048B842 /* _30_Table_part1-Prefix.pch */ = {isa = PBXFileReference; lastKnownFileType = sourcecode.c.h; path = "_30_Table_part1-Prefix.pch"; sourceTree = "<group>"; };
		60AE3A0A1949159D0048B842 /* GRAppDelegate.h */ = {isa = PBXFileReference; lastKnownFileType = sourcecode.c.h; path = GRAppDelegate.h; sourceTree = "<group>"; };
		60AE3A0B1949159D0048B842 /* GRAppDelegate.m */ = {isa = PBXFileReference; lastKnownFileType = sourcecode.c.objc; path = GRAppDelegate.m; sourceTree = "<group>"; };
		60AE3A0E1949159D0048B842 /* Base */ = {isa = PBXFileReference; lastKnownFileType = file.storyboard; name = Base; path = Base.lproj/Main.storyboard; sourceTree = "<group>"; };
		60AE3A101949159D0048B842 /* GRViewController.h */ = {isa = PBXFileReference; lastKnownFileType = sourcecode.c.h; path = GRViewController.h; sourceTree = "<group>"; };
		60AE3A111949159D0048B842 /* GRViewController.m */ = {isa = PBXFileReference; lastKnownFileType = sourcecode.c.objc; path = GRViewController.m; sourceTree = "<group>"; };
		60AE3A131949159D0048B842 /* Images.xcassets */ = {isa = PBXFileReference; lastKnownFileType = folder.assetcatalog; path = Images.xcassets; sourceTree = "<group>"; };
		60AE3A191949159D0048B842 /* _30_Table_part1Tests.xctest */ = {isa = PBXFileReference; explicitFileType = wrapper.cfbundle; includeInIndex = 0; path = _30_Table_part1Tests.xctest; sourceTree = BUILT_PRODUCTS_DIR; };
		60AE3A1A1949159D0048B842 /* XCTest.framework */ = {isa = PBXFileReference; lastKnownFileType = wrapper.framework; name = XCTest.framework; path = Library/Frameworks/XCTest.framework; sourceTree = DEVELOPER_DIR; };
		60AE3A221949159D0048B842 /* _30_Table_part1Tests-Info.plist */ = {isa = PBXFileReference; lastKnownFileType = text.plist.xml; path = "_30_Table_part1Tests-Info.plist"; sourceTree = "<group>"; };
		60AE3A241949159D0048B842 /* en */ = {isa = PBXFileReference; lastKnownFileType = text.plist.strings; name = en; path = en.lproj/InfoPlist.strings; sourceTree = "<group>"; };
		60AE3A261949159D0048B842 /* _30_Table_part1Tests.m */ = {isa = PBXFileReference; lastKnownFileType = sourcecode.c.objc; path = _30_Table_part1Tests.m; sourceTree = "<group>"; };
		60AE3A311949167B0048B842 /* GRColorGroup.h */ = {isa = PBXFileReference; fileEncoding = 4; lastKnownFileType = sourcecode.c.h; path = GRColorGroup.h; sourceTree = "<group>"; };
		60AE3A321949167B0048B842 /* GRColorGroup.m */ = {isa = PBXFileReference; fileEncoding = 4; lastKnownFileType = sourcecode.c.objc; path = GRColorGroup.m; sourceTree = "<group>"; };
		60BC2F261949AE0C0046F845 /* GRStudents.h */ = {isa = PBXFileReference; fileEncoding = 4; lastKnownFileType = sourcecode.c.h; path = GRStudents.h; sourceTree = "<group>"; };
		60BC2F271949AE0C0046F845 /* GRStudents.m */ = {isa = PBXFileReference; fileEncoding = 4; lastKnownFileType = sourcecode.c.objc; path = GRStudents.m; sourceTree = "<group>"; };
/* End PBXFileReference section */

/* Begin PBXFrameworksBuildPhase section */
		60AE39F51949159D0048B842 /* Frameworks */ = {
			isa = PBXFrameworksBuildPhase;
			buildActionMask = 2147483647;
			files = (
				60AE39FE1949159D0048B842 /* CoreGraphics.framework in Frameworks */,
				60AE3A001949159D0048B842 /* UIKit.framework in Frameworks */,
				60AE39FC1949159D0048B842 /* Foundation.framework in Frameworks */,
			);
			runOnlyForDeploymentPostprocessing = 0;
		};
		60AE3A161949159D0048B842 /* Frameworks */ = {
			isa = PBXFrameworksBuildPhase;
			buildActionMask = 2147483647;
			files = (
				60AE3A1B1949159D0048B842 /* XCTest.framework in Frameworks */,
				60AE3A1D1949159D0048B842 /* UIKit.framework in Frameworks */,
				60AE3A1C1949159D0048B842 /* Foundation.framework in Frameworks */,
			);
			runOnlyForDeploymentPostprocessing = 0;
		};
/* End PBXFrameworksBuildPhase section */

/* Begin PBXGroup section */
		60AE39EF1949159D0048B842 = {
			isa = PBXGroup;
			children = (
				60AE3A011949159D0048B842 /* _30_Table_part1 */,
				60AE3A201949159D0048B842 /* _30_Table_part1Tests */,
				60AE39FA1949159D0048B842 /* Frameworks */,
				60AE39F91949159D0048B842 /* Products */,
			);
			sourceTree = "<group>";
		};
		60AE39F91949159D0048B842 /* Products */ = {
			isa = PBXGroup;
			children = (
				60AE39F81949159D0048B842 /* _30_Table_part1.app */,
				60AE3A191949159D0048B842 /* _30_Table_part1Tests.xctest */,
			);
			name = Products;
			sourceTree = "<group>";
		};
		60AE39FA1949159D0048B842 /* Frameworks */ = {
			isa = PBXGroup;
			children = (
				60AE39FB1949159D0048B842 /* Foundation.framework */,
				60AE39FD1949159D0048B842 /* CoreGraphics.framework */,
				60AE39FF1949159D0048B842 /* UIKit.framework */,
				60AE3A1A1949159D0048B842 /* XCTest.framework */,
			);
			name = Frameworks;
			sourceTree = "<group>";
		};
		60AE3A011949159D0048B842 /* _30_Table_part1 */ = {
			isa = PBXGroup;
			children = (
				60BC2F261949AE0C0046F845 /* GRStudents.h */,
				60BC2F271949AE0C0046F845 /* GRStudents.m */,
				60AE3A311949167B0048B842 /* GRColorGroup.h */,
				60AE3A321949167B0048B842 /* GRColorGroup.m */,
				60AE3A0A1949159D0048B842 /* GRAppDelegate.h */,
				60AE3A0B1949159D0048B842 /* GRAppDelegate.m */,
				60AE3A0D1949159D0048B842 /* Main.storyboard */,
				60AE3A101949159D0048B842 /* GRViewController.h */,
				60AE3A111949159D0048B842 /* GRViewController.m */,
				60AE3A131949159D0048B842 /* Images.xcassets */,
				60AE3A021949159D0048B842 /* Supporting Files */,
			);
			path = _30_Table_part1;
			sourceTree = "<group>";
		};
		60AE3A021949159D0048B842 /* Supporting Files */ = {
			isa = PBXGroup;
			children = (
				601D3D661949C28C0018B159 /* 0.jpg */,
				601D3D671949C28C0018B159 /* 0@2x.jpg */,
				601D3D681949C28C0018B159 /* 1.jpg */,
				601D3D691949C28C0018B159 /* 1@2x.jpg */,
				601D3D6A1949C28C0018B159 /* 2@2x.jpg */,
				601D3D6B1949C28C0018B159 /* 2x.jpg */,
				601D3D6C1949C28C0018B159 /* 3.jpg */,
				601D3D6D1949C28C0018B159 /* 3@2x.jpg */,
				601D3D6E1949C28C0018B159 /* 4@2x.jpg */,
				60AE3A031949159D0048B842 /* _30_Table_part1-Info.plist */,
				60AE3A041949159D0048B842 /* InfoPlist.strings */,
				60AE3A071949159D0048B842 /* main.m */,
				60AE3A091949159D0048B842 /* _30_Table_part1-Prefix.pch */,
			);
			name = "Supporting Files";
			sourceTree = "<group>";
		};
		60AE3A201949159D0048B842 /* _30_Table_part1Tests */ = {
			isa = PBXGroup;
			children = (
				60AE3A261949159D0048B842 /* _30_Table_part1Tests.m */,
				60AE3A211949159D0048B842 /* Supporting Files */,
			);
			path = _30_Table_part1Tests;
			sourceTree = "<group>";
		};
		60AE3A211949159D0048B842 /* Supporting Files */ = {
			isa = PBXGroup;
			children = (
				60AE3A221949159D0048B842 /* _30_Table_part1Tests-Info.plist */,
				60AE3A231949159D0048B842 /* InfoPlist.strings */,
			);
			name = "Supporting Files";
			sourceTree = "<group>";
		};
/* End PBXGroup section */

/* Begin PBXNativeTarget section */
		60AE39F71949159D0048B842 /* _30_Table_part1 */ = {
			isa = PBXNativeTarget;
			buildConfigurationList = 60AE3A2A1949159D0048B842 /* Build configuration list for PBXNativeTarget "_30_Table_part1" */;
			buildPhases = (
				60AE39F41949159D0048B842 /* Sources */,
				60AE39F51949159D0048B842 /* Frameworks */,
				60AE39F61949159D0048B842 /* Resources */,
			);
			buildRules = (
			);
			dependencies = (
			);
			name = _30_Table_part1;
			productName = _30_Table_part1;
			productReference = 60AE39F81949159D0048B842 /* _30_Table_part1.app */;
			productType = "com.apple.product-type.application";
		};
		60AE3A181949159D0048B842 /* _30_Table_part1Tests */ = {
			isa = PBXNativeTarget;
			buildConfigurationList = 60AE3A2D1949159D0048B842 /* Build configuration list for PBXNativeTarget "_30_Table_part1Tests" */;
			buildPhases = (
				60AE3A151949159D0048B842 /* Sources */,
				60AE3A161949159D0048B842 /* Frameworks */,
				60AE3A171949159D0048B842 /* Resources */,
			);
			buildRules = (
			);
			dependencies = (
				60AE3A1F1949159D0048B842 /* PBXTargetDependency */,
			);
			name = _30_Table_part1Tests;
			productName = _30_Table_part1Tests;
			productReference = 60AE3A191949159D0048B842 /* _30_Table_part1Tests.xctest */;
			productType = "com.apple.product-type.bundle.unit-test";
		};
/* End PBXNativeTarget section */

/* Begin PBXProject section */
		60AE39F01949159D0048B842 /* Project object */ = {
			isa = PBXProject;
			attributes = {
				CLASSPREFIX = GR;
				LastUpgradeCheck = 0510;
				ORGANIZATIONNAME = Evgenia;
				TargetAttributes = {
					60AE3A181949159D0048B842 = {
						TestTargetID = 60AE39F71949159D0048B842;
					};
				};
			};
			buildConfigurationList = 60AE39F31949159D0048B842 /* Build configuration list for PBXProject "_30_Table_part1" */;
			compatibilityVersion = "Xcode 3.2";
			developmentRegion = English;
			hasScannedForEncodings = 0;
			knownRegions = (
				en,
				Base,
			);
			mainGroup = 60AE39EF1949159D0048B842;
			productRefGroup = 60AE39F91949159D0048B842 /* Products */;
			projectDirPath = "";
			projectRoot = "";
			targets = (
				60AE39F71949159D0048B842 /* _30_Table_part1 */,
				60AE3A181949159D0048B842 /* _30_Table_part1Tests */,
			);
		};
/* End PBXProject section */

/* Begin PBXResourcesBuildPhase section */
		60AE39F61949159D0048B842 /* Resources */ = {
			isa = PBXResourcesBuildPhase;
			buildActionMask = 2147483647;
			files = (
				601D3D6F1949C28C0018B159 /* 0.jpg in Resources */,
				60AE3A141949159D0048B842 /* Images.xcassets in Resources */,
				601D3D701949C28C0018B159 /* 0@2x.jpg in Resources */,
				601D3D731949C28C0018B159 /* 2@2x.jpg in Resources */,
				601D3D711949C28C0018B159 /* 1.jpg in Resources */,
				601D3D771949C28C0018B159 /* 4@2x.jpg in Resources */,
				601D3D761949C28C0018B159 /* 3@2x.jpg in Resources */,
				601D3D751949C28C0018B159 /* 3.jpg in Resources */,
				60AE3A061949159D0048B842 /* InfoPlist.strings in Resources */,
				60AE3A0F1949159D0048B842 /* Main.storyboard in Resources */,
				601D3D721949C28C0018B159 /* 1@2x.jpg in Resources */,
				601D3D741949C28C0018B159 /* 2x.jpg in Resources */,
			);
			runOnlyForDeploymentPostprocessing = 0;
		};
		60AE3A171949159D0048B842 /* Resources */ = {
			isa = PBXResourcesBuildPhase;
			buildActionMask = 2147483647;
			files = (
				60AE3A251949159D0048B842 /* InfoPlist.strings in Resources */,
			);
			runOnlyForDeploymentPostprocessing = 0;
		};
/* End PBXResourcesBuildPhase section */

/* Begin PBXSourcesBuildPhase section */
		60AE39F41949159D0048B842 /* Sources */ = {
			isa = PBXSourcesBuildPhase;
			buildActionMask = 2147483647;
			files = (
				60AE3A081949159D0048B842 /* main.m in Sources */,
				60BC2F281949AE0C0046F845 /* GRStudents.m in Sources */,
				60AE3A121949159D0048B842 /* GRViewController.m in Sources */,
				60AE3A331949167B0048B842 /* GRColorGroup.m in Sources */,
				60AE3A0C1949159D0048B842 /* GRAppDelegate.m in Sources */,
			);
			runOnlyForDeploymentPostprocessing = 0;
		};
		60AE3A151949159D0048B842 /* Sources */ = {
			isa = PBXSourcesBuildPhase;
			buildActionMask = 2147483647;
			files = (
				60AE3A271949159D0048B842 /* _30_Table_part1Tests.m in Sources */,
			);
			runOnlyForDeploymentPostprocessing = 0;
		};
/* End PBXSourcesBuildPhase section */

/* Begin PBXTargetDependency section */
		60AE3A1F1949159D0048B842 /* PBXTargetDependency */ = {
			isa = PBXTargetDependency;
			target = 60AE39F71949159D0048B842 /* _30_Table_part1 */;
			targetProxy = 60AE3A1E1949159D0048B842 /* PBXContainerItemProxy */;
		};
/* End PBXTargetDependency section */

/* Begin PBXVariantGroup section */
		60AE3A041949159D0048B842 /* InfoPlist.strings */ = {
			isa = PBXVariantGroup;
			children = (
				60AE3A051949159D0048B842 /* en */,
			);
			name = InfoPlist.strings;
			sourceTree = "<group>";
		};
		60AE3A0D1949159D0048B842 /* Main.storyboard */ = {
			isa = PBXVariantGroup;
			children = (
				60AE3A0E1949159D0048B842 /* Base */,
			);
			name = Main.storyboard;
			sourceTree = "<group>";
		};
		60AE3A231949159D0048B842 /* InfoPlist.strings */ = {
			isa = PBXVariantGroup;
			children = (
				60AE3A241949159D0048B842 /* en */,
			);
			name = InfoPlist.strings;
			sourceTree = "<group>";
		};
/* End PBXVariantGroup section */

/* Begin XCBuildConfiguration section */
		60AE3A281949159D0048B842 /* Debug */ = {
			isa = XCBuildConfiguration;
			buildSettings = {
				ALWAYS_SEARCH_USER_PATHS = NO;
				CLANG_CXX_LANGUAGE_STANDARD = "gnu++0x";
				CLANG_CXX_LIBRARY = "libc++";
				CLANG_ENABLE_MODULES = YES;
				CLANG_ENABLE_OBJC_ARC = YES;
				CLANG_WARN_BOOL_CONVERSION = YES;
				CLANG_WARN_CONSTANT_CONVERSION = YES;
				CLANG_WARN_DIRECT_OBJC_ISA_USAGE = YES_ERROR;
				CLANG_WARN_EMPTY_BODY = YES;
				CLANG_WARN_ENUM_CONVERSION = YES;
				CLANG_WARN_INT_CONVERSION = YES;
				CLANG_WARN_OBJC_ROOT_CLASS = YES_ERROR;
				CLANG_WARN__DUPLICATE_METHOD_MATCH = YES;
				"CODE_SIGN_IDENTITY[sdk=iphoneos*]" = "iPhone Developer";
				COPY_PHASE_STRIP = NO;
				GCC_C_LANGUAGE_STANDARD = gnu99;
				GCC_DYNAMIC_NO_PIC = NO;
				GCC_OPTIMIZATION_LEVEL = 0;
				GCC_PREPROCESSOR_DEFINITIONS = (
					"DEBUG=1",
					"$(inherited)",
				);
				GCC_SYMBOLS_PRIVATE_EXTERN = NO;
				GCC_WARN_64_TO_32_BIT_CONVERSION = YES;
				GCC_WARN_ABOUT_RETURN_TYPE = YES_ERROR;
				GCC_WARN_UNDECLARED_SELECTOR = YES;
				GCC_WARN_UNINITIALIZED_AUTOS = YES_AGGRESSIVE;
				GCC_WARN_UNUSED_FUNCTION = YES;
				GCC_WARN_UNUSED_VARIABLE = YES;
				IPHONEOS_DEPLOYMENT_TARGET = 7.1;
				ONLY_ACTIVE_ARCH = YES;
				SDKROOT = iphoneos;
			};
			name = Debug;
		};
		60AE3A291949159D0048B842 /* Release */ = {
			isa = XCBuildConfiguration;
			buildSettings = {
				ALWAYS_SEARCH_USER_PATHS = NO;
				CLANG_CXX_LANGUAGE_STANDARD = "gnu++0x";
				CLANG_CXX_LIBRARY = "libc++";
				CLANG_ENABLE_MODULES = YES;
				CLANG_ENABLE_OBJC_ARC = YES;
				CLANG_WARN_BOOL_CONVERSION = YES;
				CLANG_WARN_CONSTANT_CONVERSION = YES;
				CLANG_WARN_DIRECT_OBJC_ISA_USAGE = YES_ERROR;
				CLANG_WARN_EMPTY_BODY = YES;
				CLANG_WARN_ENUM_CONVERSION = YES;
				CLANG_WARN_INT_CONVERSION = YES;
				CLANG_WARN_OBJC_ROOT_CLASS = YES_ERROR;
				CLANG_WARN__DUPLICATE_METHOD_MATCH = YES;
				"CODE_SIGN_IDENTITY[sdk=iphoneos*]" = "iPhone Developer";
				COPY_PHASE_STRIP = YES;
				ENABLE_NS_ASSERTIONS = NO;
				GCC_C_LANGUAGE_STANDARD = gnu99;
				GCC_WARN_64_TO_32_BIT_CONVERSION = YES;
				GCC_WARN_ABOUT_RETURN_TYPE = YES_ERROR;
				GCC_WARN_UNDECLARED_SELECTOR = YES;
				GCC_WARN_UNINITIALIZED_AUTOS = YES_AGGRESSIVE;
				GCC_WARN_UNUSED_FUNCTION = YES;
				GCC_WARN_UNUSED_VARIABLE = YES;
				IPHONEOS_DEPLOYMENT_TARGET = 7.1;
				SDKROOT = iphoneos;
				VALIDATE_PRODUCT = YES;
			};
			name = Release;
		};
		60AE3A2B1949159D0048B842 /* Debug */ = {
			isa = XCBuildConfiguration;
			buildSettings = {
				ASSETCATALOG_COMPILER_APPICON_NAME = AppIcon;
				ASSETCATALOG_COMPILER_LAUNCHIMAGE_NAME = LaunchImage;
				GCC_PRECOMPILE_PREFIX_HEADER = YES;
				GCC_PREFIX_HEADER = "_30_Table_part1/_30_Table_part1-Prefix.pch";
				INFOPLIST_FILE = "_30_Table_part1/_30_Table_part1-Info.plist";
				PRODUCT_NAME = "$(TARGET_NAME)";
				WRAPPER_EXTENSION = app;
			};
			name = Debug;
		};
		60AE3A2C1949159D0048B842 /* Release */ = {
			isa = XCBuildConfiguration;
			buildSettings = {
				ASSETCATALOG_COMPILER_APPICON_NAME = AppIcon;
				ASSETCATALOG_COMPILER_LAUNCHIMAGE_NAME = LaunchImage;
				GCC_PRECOMPILE_PREFIX_HEADER = YES;
				GCC_PREFIX_HEADER = "_30_Table_part1/_30_Table_part1-Prefix.pch";
				INFOPLIST_FILE = "_30_Table_part1/_30_Table_part1-Info.plist";
				PRODUCT_NAME = "$(TARGET_NAME)";
				WRAPPER_EXTENSION = app;
			};
			name = Release;
		};
		60AE3A2E1949159D0048B842 /* Debug */ = {
			isa = XCBuildConfiguration;
			buildSettings = {
				BUNDLE_LOADER = "$(BUILT_PRODUCTS_DIR)/_30_Table_part1.app/_30_Table_part1";
				FRAMEWORK_SEARCH_PATHS = (
					"$(SDKROOT)/Developer/Library/Frameworks",
					"$(inherited)",
					"$(DEVELOPER_FRAMEWORKS_DIR)",
				);
				GCC_PRECOMPILE_PREFIX_HEADER = YES;
				GCC_PREFIX_HEADER = "_30_Table_part1/_30_Table_part1-Prefix.pch";
				GCC_PREPROCESSOR_DEFINITIONS = (
					"DEBUG=1",
					"$(inherited)",
				);
				INFOPLIST_FILE = "_30_Table_part1Tests/_30_Table_part1Tests-Info.plist";
				PRODUCT_NAME = "$(TARGET_NAME)";
				TEST_HOST = "$(BUNDLE_LOADER)";
				WRAPPER_EXTENSION = xctest;
			};
			name = Debug;
		};
		60AE3A2F1949159D0048B842 /* Release */ = {
			isa = XCBuildConfiguration;
			buildSettings = {
				BUNDLE_LOADER = "$(BUILT_PRODUCTS_DIR)/_30_Table_part1.app/_30_Table_part1";
				FRAMEWORK_SEARCH_PATHS = (
					"$(SDKROOT)/Developer/Library/Frameworks",
					"$(inherited)",
					"$(DEVELOPER_FRAMEWORKS_DIR)",
				);
				GCC_PRECOMPILE_PREFIX_HEADER = YES;
				GCC_PREFIX_HEADER = "_30_Table_part1/_30_Table_part1-Prefix.pch";
				INFOPLIST_FILE = "_30_Table_part1Tests/_30_Table_part1Tests-Info.plist";
				PRODUCT_NAME = "$(TARGET_NAME)";
				TEST_HOST = "$(BUNDLE_LOADER)";
				WRAPPER_EXTENSION = xctest;
			};
			name = Release;
		};
/* End XCBuildConfiguration section */

/* Begin XCConfigurationList section */
		60AE39F31949159D0048B842 /* Build configuration list for PBXProject "_30_Table_part1" */ = {
			isa = XCConfigurationList;
			buildConfigurations = (
				60AE3A281949159D0048B842 /* Debug */,
				60AE3A291949159D0048B842 /* Release */,
			);
			defaultConfigurationIsVisible = 0;
			defaultConfigurationName = Release;
		};
		60AE3A2A1949159D0048B842 /* Build configuration list for PBXNativeTarget "_30_Table_part1" */ = {
			isa = XCConfigurationList;
			buildConfigurations = (
				60AE3A2B1949159D0048B842 /* Debug */,
				60AE3A2C1949159D0048B842 /* Release */,
			);
			defaultConfigurationIsVisible = 0;
			defaultConfigurationName = Release;
		};
		60AE3A2D1949159D0048B842 /* Build configuration list for PBXNativeTarget "_30_Table_part1Tests" */ = {
			isa = XCConfigurationList;
			buildConfigurations = (
				60AE3A2E1949159D0048B842 /* Debug */,
				60AE3A2F1949159D0048B842 /* Release */,
			);
			defaultConfigurationIsVisible = 0;
			defaultConfigurationName = Release;
		};
/* End XCConfigurationList section */
	};
	rootObject = 60AE39F01949159D0048B842 /* Project object */;
}
